{
  "name": "miniprogram-ts-less-quickstart",
  "version": "1.0.0",
  "lockfileVersion": 2,
  "requires": true,
  "packages": {
    "": {
      "name": "miniprogram-ts-less-quickstart",
      "version": "1.0.0",
      "dependencies": {
        "quantize": "^1.0.2",
        "tdesign-miniprogram": "^0.27.0"
      },
      "devDependencies": {
        "miniprogram-api-typings": "^2.8.3-1"
      }
    },
    "node_modules/dayjs": {
      "version": "1.11.6",
      "resolved": "https://registry.npmmirror.com/dayjs/-/dayjs-1.11.6.tgz",
      "integrity": "sha512-zZbY5giJAinCG+7AGaw0wIhNZ6J8AhWuSXKvuc1KAyMiRsvGQWqh4L+MomvhdAYjN+lqvVCMq1I41e3YHvXkyQ=="
    },
    "node_modules/miniprogram-api-typings": {
      "version": "2.12.0",
      "resolved": "https://registry.npmmirror.com/miniprogram-api-typings/-/miniprogram-api-typings-2.12.0.tgz",
      "integrity": "sha512-ibvbqeslVFur0IAvTxLMvsbtvVcMo6gwvOnj0YZHV7aeDLu091VQRrETT2QuiG9P6aZWRcxeNGJChRKVPCp9VQ==",
      "dev": true
    },
    "node_modules/quantize": {
      "version": "1.0.2",
      "resolved": "https://registry.npmmirror.com/quantize/-/quantize-1.0.2.tgz",
      "integrity": "sha512-25P7wI2UoDbIQsQp50ARkt+5pwPsOq7G/BqvT5xAbapnRoNWMN8/p55H9TXd5MuENiJnm5XICB2H2aDZGwts7w==",
      "engines": {
        "node": ">=0.10.21"
      }
    },
    "node_modules/tdesign-miniprogram": {
      "version": "0.27.0",
      "resolved": "https://registry.npmmirror.com/tdesign-miniprogram/-/tdesign-miniprogram-0.27.0.tgz",
      "integrity": "sha512-ASQUUQZP6SvdrEji4krJxshYxEeBzB5HsbwfB3552DbdwdVuNpsqcsX9LCqia4jzExOwUoC1szgtzYFHTPzZGA==",
      "dependencies": {
        "dayjs": "^1.10.7"
      }
    }
  },
  "dependencies": {
    "dayjs": {
      "version": "1.11.6",
      "resolved": "https://registry.npmmirror.com/dayjs/-/dayjs-1.11.6.tgz",
      "integrity": "sha512-zZbY5giJAinCG+7AGaw0wIhNZ6J8AhWuSXKvuc1KAyMiRsvGQWqh4L+MomvhdAYjN+lqvVCMq1I41e3YHvXkyQ=="
    },
    "miniprogram-api-typings": {
      "version": "2.12.0",
      "resolved": "https://registry.npmmirror.com/miniprogram-api-typings/-/miniprogram-api-typings-2.12.0.tgz",
      "integrity": "sha512-ibvbqeslVFur0IAvTxLMvsbtvVcMo6gwvOnj0YZHV7aeDLu091VQRrETT2QuiG9P6aZWRcxeNGJChRKVPCp9VQ==",
      "dev": true
    },
    "quantize": {
      "version": "1.0.2",
      "resolved": "https://registry.npmmirror.com/quantize/-/quantize-1.0.2.tgz",
      "integrity": "sha512-25P7wI2UoDbIQsQp50ARkt+5pwPsOq7G/BqvT5xAbapnRoNWMN8/p55H9TXd5MuENiJnm5XICB2H2aDZGwts7w=="
    },
    "tdesign-miniprogram": {
      "version": "0.27.0",
      "resolved": "https://registry.npmmirror.com/tdesign-miniprogram/-/tdesign-miniprogram-0.27.0.tgz",
      "integrity": "sha512-ASQUUQZP6SvdrEji4krJxshYxEeBzB5HsbwfB3552DbdwdVuNpsqcsX9LCqia4jzExOwUoC1szgtzYFHTPzZGA==",
      "requires": {
        "dayjs": "^1.10.7"
      }
    }
  }
}
